
Microsoft Visual Studio Solution File, Format Version 12.00
# Visual Studio 14
VisualStudioVersion = 14.0.25420.1
MinimumVisualStudioVersion = 10.0.40219.1
Project("{2150E333-8FDC-42A3-9474-1A3956D46DE8}") = "1. Presentation", "1. Presentation", "{1A02C05D-D157-4D79-8EEC-ECDD5010B8A6}"
EndProject
Project("{2150E333-8FDC-42A3-9474-1A3956D46DE8}") = "2. BusinessLogic", "2. BusinessLogic", "{8749AEC5-230B-4DB4-BF99-4F122F3A198A}"
EndProject
Project("{2150E333-8FDC-42A3-9474-1A3956D46DE8}") = "3. Data", "3. Data", "{608296E1-D305-452D-9E46-EAE308C80394}"
EndProject
Project("{FAE04EC0-301F-11D3-BF4B-00C04F79EFBC}") = "MetodosNumericos.Console", "MetodosNumericos.Console\MetodosNumericos.Console.csproj", "{414B3270-E7CC-44D2-91EE-6AAE4563C6C7}"
EndProject
Project("{FAE04EC0-301F-11D3-BF4B-00C04F79EFBC}") = "MetodosNumericos.BusinessLogic", "MetodosNumericos.BusinessLogic\MetodosNumericos.BusinessLogic.csproj", "{C5BA02BC-5C0C-45B1-A51F-AC66CD99745F}"
EndProject
Project("{FAE04EC0-301F-11D3-BF4B-00C04F79EFBC}") = "MetodosNumericos.Entidades", "MetodosNumericos.Entidades\MetodosNumericos.Entidades.csproj", "{28C9CE19-6418-45AC-865A-73674EEC1096}"
EndProject
Project("{FAE04EC0-301F-11D3-BF4B-00C04F79EFBC}") = "MathParserTK", "MathParserTK\MathParserTK.csproj", "{C349510C-C794-477E-9B26-E1A4B91E3A88}"
EndProject
Project("{FAE04EC0-301F-11D3-BF4B-00C04F79EFBC}") = "MetodosNumericosWeb", "MetodosNumericosWeb\MetodosNumericosWeb.csproj", "{C397370A-5291-430B-869E-AFA3E0C1A87A}"
EndProject
Global
	GlobalSection(SolutionConfigurationPlatforms) = preSolution
		Debug|Any CPU = Debug|Any CPU
		Release|Any CPU = Release|Any CPU
	EndGlobalSection
	GlobalSection(ProjectConfigurationPlatforms) = postSolution
		{414B3270-E7CC-44D2-91EE-6AAE4563C6C7}.Debug|Any CPU.ActiveCfg = Debug|Any CPU
		{414B3270-E7CC-44D2-91EE-6AAE4563C6C7}.Debug|Any CPU.Build.0 = Debug|Any CPU
		{414B3270-E7CC-44D2-91EE-6AAE4563C6C7}.Release|Any CPU.ActiveCfg = Release|Any CPU
		{414B3270-E7CC-44D2-91EE-6AAE4563C6C7}.Release|Any CPU.Build.0 = Release|Any CPU
		{C5BA02BC-5C0C-45B1-A51F-AC66CD99745F}.Debug|Any CPU.ActiveCfg = Debug|Any CPU
		{C5BA02BC-5C0C-45B1-A51F-AC66CD99745F}.Debug|Any CPU.Build.0 = Debug|Any CPU
		{C5BA02BC-5C0C-45B1-A51F-AC66CD99745F}.Release|Any CPU.ActiveCfg = Release|Any CPU
		{C5BA02BC-5C0C-45B1-A51F-AC66CD99745F}.Release|Any CPU.Build.0 = Release|Any CPU
		{28C9CE19-6418-45AC-865A-73674EEC1096}.Debug|Any CPU.ActiveCfg = Debug|Any CPU
		{28C9CE19-6418-45AC-865A-73674EEC1096}.Debug|Any CPU.Build.0 = Debug|Any CPU
		{28C9CE19-6418-45AC-865A-73674EEC1096}.Release|Any CPU.ActiveCfg = Release|Any CPU
		{28C9CE19-6418-45AC-865A-73674EEC1096}.Release|Any CPU.Build.0 = Release|Any CPU
		{C349510C-C794-477E-9B26-E1A4B91E3A88}.Debug|Any CPU.ActiveCfg = Debug|Any CPU
		{C349510C-C794-477E-9B26-E1A4B91E3A88}.Debug|Any CPU.Build.0 = Debug|Any CPU
		{C349510C-C794-477E-9B26-E1A4B91E3A88}.Release|Any CPU.ActiveCfg = Release|Any CPU
		{C349510C-C794-477E-9B26-E1A4B91E3A88}.Release|Any CPU.Build.0 = Release|Any CPU
		{C397370A-5291-430B-869E-AFA3E0C1A87A}.Debug|Any CPU.ActiveCfg = Debug|Any CPU
		{C397370A-5291-430B-869E-AFA3E0C1A87A}.Debug|Any CPU.Build.0 = Debug|Any CPU
		{C397370A-5291-430B-869E-AFA3E0C1A87A}.Release|Any CPU.ActiveCfg = Release|Any CPU
		{C397370A-5291-430B-869E-AFA3E0C1A87A}.Release|Any CPU.Build.0 = Release|Any CPU
	EndGlobalSection
	GlobalSection(SolutionProperties) = preSolution
		HideSolutionNode = FALSE
	EndGlobalSection
	GlobalSection(NestedProjects) = preSolution
		{414B3270-E7CC-44D2-91EE-6AAE4563C6C7} = {1A02C05D-D157-4D79-8EEC-ECDD5010B8A6}
		{C5BA02BC-5C0C-45B1-A51F-AC66CD99745F} = {8749AEC5-230B-4DB4-BF99-4F122F3A198A}
		{28C9CE19-6418-45AC-865A-73674EEC1096} = {608296E1-D305-452D-9E46-EAE308C80394}
		{C349510C-C794-477E-9B26-E1A4B91E3A88} = {8749AEC5-230B-4DB4-BF99-4F122F3A198A}
		{C397370A-5291-430B-869E-AFA3E0C1A87A} = {1A02C05D-D157-4D79-8EEC-ECDD5010B8A6}
	EndGlobalSection
EndGlobal
